
Microsoft Visual Studio Solution File, Format Version 12.00
# Visual Studio 15
VisualStudioVersion = 15.0.28307.902
MinimumVisualStudioVersion = 10.0.40219.1
Project("{FAE04EC0-301F-11D3-BF4B-00C04F79EFBC}") = "CsvMapper", "CsvMapper\CsvMapper.csproj", "{041CC9E9-EEC4-49D4-A71B-6417D576C3C0}"
EndProject
Project("{FAE04EC0-301F-11D3-BF4B-00C04F79EFBC}") = "CsvMapperUI", "CsvMapperUI\CsvMapperUI.csproj", "{050D0E6E-7754-46E2-A572-E87E72326243}"
	ProjectSection(ProjectDependencies) = postProject
		{041CC9E9-EEC4-49D4-A71B-6417D576C3C0} = {041CC9E9-EEC4-49D4-A71B-6417D576C3C0}
	EndProjectSection
EndProject
Project("{930C7802-8A8C-48F9-8165-68863BCCD9DD}") = "Setup", "Setup\Setup.wixproj", "{E370FBF7-C9B5-4AF3-96F4-5743EBD7D6AE}"
	ProjectSection(ProjectDependencies) = postProject
		{050D0E6E-7754-46E2-A572-E87E72326243} = {050D0E6E-7754-46E2-A572-E87E72326243}
		{041CC9E9-EEC4-49D4-A71B-6417D576C3C0} = {041CC9E9-EEC4-49D4-A71B-6417D576C3C0}
	EndProjectSection
EndProject
Global
	GlobalSection(SolutionConfigurationPlatforms) = preSolution
		Debug|Any CPU = Debug|Any CPU
		Debug|x86 = Debug|x86
		Release|Any CPU = Release|Any CPU
		Release|x86 = Release|x86
	EndGlobalSection
	GlobalSection(ProjectConfigurationPlatforms) = postSolution
		{041CC9E9-EEC4-49D4-A71B-6417D576C3C0}.Debug|Any CPU.ActiveCfg = Debug|Any CPU
		{041CC9E9-EEC4-49D4-A71B-6417D576C3C0}.Debug|Any CPU.Build.0 = Debug|Any CPU
		{041CC9E9-EEC4-49D4-A71B-6417D576C3C0}.Debug|x86.ActiveCfg = Debug|Any CPU
		{041CC9E9-EEC4-49D4-A71B-6417D576C3C0}.Debug|x86.Build.0 = Debug|Any CPU
		{041CC9E9-EEC4-49D4-A71B-6417D576C3C0}.Release|Any CPU.ActiveCfg = Release|Any CPU
		{041CC9E9-EEC4-49D4-A71B-6417D576C3C0}.Release|Any CPU.Build.0 = Release|Any CPU
		{041CC9E9-EEC4-49D4-A71B-6417D576C3C0}.Release|x86.ActiveCfg = Release|Any CPU
		{041CC9E9-EEC4-49D4-A71B-6417D576C3C0}.Release|x86.Build.0 = Release|Any CPU
		{050D0E6E-7754-46E2-A572-E87E72326243}.Debug|Any CPU.ActiveCfg = Debug|Any CPU
		{050D0E6E-7754-46E2-A572-E87E72326243}.Debug|Any CPU.Build.0 = Debug|Any CPU
		{050D0E6E-7754-46E2-A572-E87E72326243}.Debug|x86.ActiveCfg = Debug|Any CPU
		{050D0E6E-7754-46E2-A572-E87E72326243}.Debug|x86.Build.0 = Debug|Any CPU
		{050D0E6E-7754-46E2-A572-E87E72326243}.Release|Any CPU.ActiveCfg = Release|Any CPU
		{050D0E6E-7754-46E2-A572-E87E72326243}.Release|Any CPU.Build.0 = Release|Any CPU
		{050D0E6E-7754-46E2-A572-E87E72326243}.Release|x86.ActiveCfg = Release|Any CPU
		{050D0E6E-7754-46E2-A572-E87E72326243}.Release|x86.Build.0 = Release|Any CPU
		{E370FBF7-C9B5-4AF3-96F4-5743EBD7D6AE}.Debug|Any CPU.ActiveCfg = Debug|x86
		{E370FBF7-C9B5-4AF3-96F4-5743EBD7D6AE}.Debug|x86.ActiveCfg = Debug|x86
		{E370FBF7-C9B5-4AF3-96F4-5743EBD7D6AE}.Debug|x86.Build.0 = Debug|x86
		{E370FBF7-C9B5-4AF3-96F4-5743EBD7D6AE}.Release|Any CPU.ActiveCfg = Release|x86
		{E370FBF7-C9B5-4AF3-96F4-5743EBD7D6AE}.Release|Any CPU.Build.0 = Release|x86
		{E370FBF7-C9B5-4AF3-96F4-5743EBD7D6AE}.Release|x86.ActiveCfg = Release|x86
		{E370FBF7-C9B5-4AF3-96F4-5743EBD7D6AE}.Release|x86.Build.0 = Release|x86
	EndGlobalSection
	GlobalSection(SolutionProperties) = preSolution
		HideSolutionNode = FALSE
	EndGlobalSection
	GlobalSection(ExtensibilityGlobals) = postSolution
		SolutionGuid = {436C68CF-66B7-4433-9B9F-622133B10363}
	EndGlobalSection
EndGlobal
